<?xml version="1.0" encoding="utf-8"?>
<Project ToolsVersion="4.0" xmlns="http://schemas.microsoft.com/developer/msbuild/2003">
  <ItemGroup>
    <Filter Include="A%2a-Algorithmus">
      <UniqueIdentifier>{5d5155e8-e7ba-4861-b6d4-4c21d55f6bfb}</UniqueIdentifier>
    </Filter>
    <Filter Include="GameObjects">
      <UniqueIdentifier>{b7772fb4-c592-4852-9b09-32c3473f29b8}</UniqueIdentifier>
    </Filter>
    <Filter Include="CrossProject">
      <UniqueIdentifier>{76e2aa23-2479-4f49-82c4-8ab63fe6496a}</UniqueIdentifier>
    </Filter>
    <Filter Include="Networking">
      <UniqueIdentifier>{e6d16e15-02fd-4d43-bb61-347d6f505981}</UniqueIdentifier>
    </Filter>
    <Filter Include="GameObjects\Abilities">
      <UniqueIdentifier>{eae4a89b-88d4-4e2d-914f-8eb020c84f49}</UniqueIdentifier>
    </Filter>
    <Filter Include="Eventhandling">
      <UniqueIdentifier>{9fdb86bc-524e-4530-ab06-ec127196975f}</UniqueIdentifier>
    </Filter>
  </ItemGroup>
  <ItemGroup>
    <ClCompile Include="Main.cpp">
      <Filter>Eventhandling</Filter>
    </ClCompile>
    <ClCompile Include="Eventhandling.cpp">
      <Filter>Eventhandling</Filter>
    </ClCompile>
    <ClCompile Include="Player.cpp">
      <Filter>GameObjects</Filter>
    </ClCompile>
    <ClCompile Include="Renderer.cpp">
      <Filter>CrossProject</Filter>
    </ClCompile>
    <ClCompile Include="Utils.cpp">
      <Filter>CrossProject</Filter>
    </ClCompile>
    <ClCompile Include="Projectile.cpp">
      <Filter>GameObjects</Filter>
    </ClCompile>
    <ClCompile Include="Terrain.cpp">
      <Filter>GameObjects</Filter>
    </ClCompile>
    <ClCompile Include="PathfindingHandler.cpp">
      <Filter>Eventhandling</Filter>
    </ClCompile>
    <ClCompile Include="PlayerHandling.cpp">
      <Filter>Eventhandling</Filter>
    </ClCompile>
    <ClCompile Include="ProjectileHandling.cpp">
      <Filter>Eventhandling</Filter>
    </ClCompile>
    <ClCompile Include="UiHandling.cpp">
      <Filter>Eventhandling</Filter>
    </ClCompile>
    <ClCompile Include="WorldHandling.cpp">
      <Filter>Eventhandling</Filter>
    </ClCompile>
    <ClCompile Include="PortableServer.cpp">
      <Filter>Networking</Filter>
    </ClCompile>
    <ClCompile Include="PortableClient.cpp">
      <Filter>Networking</Filter>
    </ClCompile>
    <ClCompile Include="NetworkCommunication.cpp">
      <Filter>Networking</Filter>
    </ClCompile>
    <ClCompile Include="Algorithm.cpp">
      <Filter>A%2a-Algorithmus</Filter>
    </ClCompile>
    <ClCompile Include="BinaryHeap.cpp">
      <Filter>A%2a-Algorithmus</Filter>
    </ClCompile>
    <ClCompile Include="Graph.cpp">
      <Filter>A%2a-Algorithmus</Filter>
    </ClCompile>
    <ClCompile Include="Ability.cpp">
      <Filter>GameObjects\Abilities</Filter>
    </ClCompile>
    <ClCompile Include="Fireball.cpp">
      <Filter>GameObjects\Abilities</Filter>
    </ClCompile>
    <ClCompile Include="Transfusion.cpp">
      <Filter>GameObjects\Abilities</Filter>
    </ClCompile>
    <ClCompile Include="GlobalRecources.cpp">
      <Filter>GameObjects\Abilities</Filter>
    </ClCompile>
    <ClCompile Include="VladE.cpp">
      <Filter>GameObjects\Abilities</Filter>
    </ClCompile>
    <ClCompile Include="VladW.cpp">
      <Filter>GameObjects\Abilities</Filter>
    </ClCompile>
    <ClCompile Include="VladR.cpp">
      <Filter>GameObjects\Abilities</Filter>
    </ClCompile>
  </ItemGroup>
  <ItemGroup>
    <ClInclude Include="Eventhandling.hpp">
      <Filter>Eventhandling</Filter>
    </ClInclude>
    <ClInclude Include="Projectile.hpp">
      <Filter>GameObjects</Filter>
    </ClInclude>
    <ClInclude Include="Rect.hpp">
      <Filter>GameObjects</Filter>
    </ClInclude>
    <ClInclude Include="Player.hpp">
      <Filter>GameObjects</Filter>
    </ClInclude>
    <ClInclude Include="Terrain.hpp">
      <Filter>GameObjects</Filter>
    </ClInclude>
    <ClInclude Include="Renderer.hpp">
      <Filter>CrossProject</Filter>
    </ClInclude>
    <ClInclude Include="Utils.hpp">
      <Filter>CrossProject</Filter>
    </ClInclude>
    <ClInclude Include="PathfindingHandler.hpp">
      <Filter>Eventhandling</Filter>
    </ClInclude>
    <ClInclude Include="Menu.hpp">
      <Filter>Eventhandling</Filter>
    </ClInclude>
    <ClInclude Include="AbilityHandling.hpp">
      <Filter>GameObjects</Filter>
    </ClInclude>
    <ClInclude Include="WorldHandling.hpp">
      <Filter>Eventhandling</Filter>
    </ClInclude>
    <ClInclude Include="UiHandling.hpp">
      <Filter>Eventhandling</Filter>
    </ClInclude>
    <ClInclude Include="ProjectileHandling.hpp">
      <Filter>Eventhandling</Filter>
    </ClInclude>
    <ClInclude Include="NetworkCommunication.hpp">
      <Filter>Networking</Filter>
    </ClInclude>
    <ClInclude Include="PlayerHandling.hpp">
      <Filter>Eventhandling</Filter>
    </ClInclude>
    <ClInclude Include="PortableClient.hpp">
      <Filter>Networking</Filter>
    </ClInclude>
    <ClInclude Include="PortableServer.hpp">
      <Filter>Networking</Filter>
    </ClInclude>
    <ClInclude Include="Algorithm.hpp">
      <Filter>A%2a-Algorithmus</Filter>
    </ClInclude>
    <ClInclude Include="BinaryHeap.hpp">
      <Filter>A%2a-Algorithmus</Filter>
    </ClInclude>
    <ClInclude Include="Graph.hpp">
      <Filter>A%2a-Algorithmus</Filter>
    </ClInclude>
    <ClInclude Include="HeapNode.hpp">
      <Filter>A%2a-Algorithmus</Filter>
    </ClInclude>
    <ClInclude Include="Indicator.hpp">
      <Filter>GameObjects</Filter>
    </ClInclude>
    <ClInclude Include="Ability.hpp">
      <Filter>GameObjects\Abilities</Filter>
    </ClInclude>
    <ClInclude Include="Fireball.hpp">
      <Filter>GameObjects\Abilities</Filter>
    </ClInclude>
    <ClInclude Include="Transfusion.hpp">
      <Filter>GameObjects\Abilities</Filter>
    </ClInclude>
    <ClInclude Include="GlobalRecources.hpp">
      <Filter>GameObjects\Abilities</Filter>
    </ClInclude>
    <ClInclude Include="VladE.hpp">
      <Filter>GameObjects\Abilities</Filter>
    </ClInclude>
    <ClInclude Include="VladW.hpp">
      <Filter>GameObjects\Abilities</Filter>
    </ClInclude>
    <ClInclude Include="VladR.hpp">
      <Filter>GameObjects\Abilities</Filter>
    </ClInclude>
    <ClInclude Include="2Darray.hpp">
      <Filter>A%2a-Algorithmus</Filter>
    </ClInclude>
  </ItemGroup>
</Project>